
Microsoft Visual Studio Solution File, Format Version 12.00
# Visual Studio Version 17
VisualStudioVersion = 17.5.33627.172
MinimumVisualStudioVersion = 10.0.40219.1
Project("{9A19103F-16F7-4668-BE54-9A1E7A4F7556}") = "ThiBangLaiXeClient", "ThiBangLaiXeClient\ThiBangLaiXeClient.csproj", "{EAA26CD0-10F8-445D-882C-72BB43138CFA}"
EndProject
Project("{9A19103F-16F7-4668-BE54-9A1E7A4F7556}") = "ThiBangLaiXeAPI", "ThiBangLaiXe\ThiBangLaiXeAPI.csproj", "{C29B69C1-EF21-4057-9BE4-CC2DACD6124D}"
EndProject
Global
	GlobalSection(SolutionConfigurationPlatforms) = preSolution
		Debug|Any CPU = Debug|Any CPU
		Release|Any CPU = Release|Any CPU
	EndGlobalSection
	GlobalSection(ProjectConfigurationPlatforms) = postSolution
		{EAA26CD0-10F8-445D-882C-72BB43138CFA}.Debug|Any CPU.ActiveCfg = Debug|Any CPU
		{EAA26CD0-10F8-445D-882C-72BB43138CFA}.Debug|Any CPU.Build.0 = Debug|Any CPU
		{EAA26CD0-10F8-445D-882C-72BB43138CFA}.Release|Any CPU.ActiveCfg = Release|Any CPU
		{EAA26CD0-10F8-445D-882C-72BB43138CFA}.Release|Any CPU.Build.0 = Release|Any CPU
		{C29B69C1-EF21-4057-9BE4-CC2DACD6124D}.Debug|Any CPU.ActiveCfg = Debug|Any CPU
		{C29B69C1-EF21-4057-9BE4-CC2DACD6124D}.Debug|Any CPU.Build.0 = Debug|Any CPU
		{C29B69C1-EF21-4057-9BE4-CC2DACD6124D}.Release|Any CPU.ActiveCfg = Release|Any CPU
		{C29B69C1-EF21-4057-9BE4-CC2DACD6124D}.Release|Any CPU.Build.0 = Release|Any CPU
	EndGlobalSection
	GlobalSection(SolutionProperties) = preSolution
		HideSolutionNode = FALSE
	EndGlobalSection
	GlobalSection(ExtensibilityGlobals) = postSolution
		SolutionGuid = {310E88A3-EEF5-429B-8459-F1844C9CDCE5}
	EndGlobalSection
EndGlobal
